// !$*UTF8*$!
{
	archiveVersion = 1;
	classes = {
	};
	objectVersion = 50;
	objects = {

/* Begin PBXBuildFile section */
		DEACC199222FA9210077C686 /* AppDelegate.swift in Sources */ = {isa = PBXBuildFile; fileRef = DEACC198222FA9210077C686 /* AppDelegate.swift */; };
		DEACC19B222FA9210077C686 /* ViewController.swift in Sources */ = {isa = PBXBuildFile; fileRef = DEACC19A222FA9210077C686 /* ViewController.swift */; };
		DEACC19E222FA9210077C686 /* Main.storyboard in Resources */ = {isa = PBXBuildFile; fileRef = DEACC19C222FA9210077C686 /* Main.storyboard */; };
		DEACC1A0222FA9230077C686 /* Assets.xcassets in Resources */ = {isa = PBXBuildFile; fileRef = DEACC19F222FA9230077C686 /* Assets.xcassets */; };
		DEACC1A3222FA9230077C686 /* LaunchScreen.storyboard in Resources */ = {isa = PBXBuildFile; fileRef = DEACC1A1222FA9230077C686 /* LaunchScreen.storyboard */; };
		DEACC1AE222FA9230077C686 /* TableViewSampleTests.swift in Sources */ = {isa = PBXBuildFile; fileRef = DEACC1AD222FA9230077C686 /* TableViewSampleTests.swift */; };
		DEACC1B9222FA9230077C686 /* TableViewSampleUITests.swift in Sources */ = {isa = PBXBuildFile; fileRef = DEACC1B8222FA9230077C686 /* TableViewSampleUITests.swift */; };
		DEACC1C9222FAA210077C686 /* TableViewController.swift in Sources */ = {isa = PBXBuildFile; fileRef = DEACC1C8222FAA210077C686 /* TableViewController.swift */; };
		DEC59640222FAD1A004C0C21 /* ViewCell.swift in Sources */ = {isa = PBXBuildFile; fileRef = DEC5963F222FAD1A004C0C21 /* ViewCell.swift */; };
		DEC59642222FB5BB004C0C21 /* CellView.xib in Resources */ = {isa = PBXBuildFile; fileRef = DEC59641222FB5BB004C0C21 /* CellView.xib */; };
		DEC59644222FB628004C0C21 /* CellView.swift in Sources */ = {isa = PBXBuildFile; fileRef = DEC59643222FB628004C0C21 /* CellView.swift */; };
/* End PBXBuildFile section */

/* Begin PBXContainerItemProxy section */
		DEACC1AA222FA9230077C686 /* PBXContainerItemProxy */ = {
			isa = PBXContainerItemProxy;
			containerPortal = DEACC18D222FA9210077C686 /* Project object */;
			proxyType = 1;
			remoteGlobalIDString = DEACC194222FA9210077C686;
			remoteInfo = TableViewSample;
		};
		DEACC1B5222FA9230077C686 /* PBXContainerItemProxy */ = {
			isa = PBXContainerItemProxy;
			containerPortal = DEACC18D222FA9210077C686 /* Project object */;
			proxyType = 1;
			remoteGlobalIDString = DEACC194222FA9210077C686;
			remoteInfo = TableViewSample;
		};
/* End PBXContainerItemProxy section */

/* Begin PBXFileReference section */
		DEACC195222FA9210077C686 /* TableViewSample.app */ = {isa = PBXFileReference; explicitFileType = wrapper.application; includeInIndex = 0; path = TableViewSample.app; sourceTree = BUILT_PRODUCTS_DIR; };
		DEACC198222FA9210077C686 /* AppDelegate.swift */ = {isa = PBXFileReference; lastKnownFileType = sourcecode.swift; path = AppDelegate.swift; sourceTree = "<group>"; };
		DEACC19A222FA9210077C686 /* ViewController.swift */ = {isa = PBXFileReference; lastKnownFileType = sourcecode.swift; path = ViewController.swift; sourceTree = "<group>"; };
		DEACC19D222FA9210077C686 /* Base */ = {isa = PBXFileReference; lastKnownFileType = file.storyboard; name = Base; path = Base.lproj/Main.storyboard; sourceTree = "<group>"; };
		DEACC19F222FA9230077C686 /* Assets.xcassets */ = {isa = PBXFileReference; lastKnownFileType = folder.assetcatalog; path = Assets.xcassets; sourceTree = "<group>"; };
		DEACC1A2222FA9230077C686 /* Base */ = {isa = PBXFileReference; lastKnownFileType = file.storyboard; name = Base; path = Base.lproj/LaunchScreen.storyboard; sourceTree = "<group>"; };
		DEACC1A4222FA9230077C686 /* Info.plist */ = {isa = PBXFileReference; lastKnownFileType = text.plist.xml; path = Info.plist; sourceTree = "<group>"; };
		DEACC1A9222FA9230077C686 /* TableViewSampleTests.xctest */ = {isa = PBXFileReference; explicitFileType = wrapper.cfbundle; includeInIndex = 0; path = TableViewSampleTests.xctest; sourceTree = BUILT_PRODUCTS_DIR; };
		DEACC1AD222FA9230077C686 /* TableViewSampleTests.swift */ = {isa = PBXFileReference; lastKnownFileType = sourcecode.swift; path = TableViewSampleTests.swift; sourceTree = "<group>"; };
		DEACC1AF222FA9230077C686 /* Info.plist */ = {isa = PBXFileReference; lastKnownFileType = text.plist.xml; path = Info.plist; sourceTree = "<group>"; };
		DEACC1B4222FA9230077C686 /* TableViewSampleUITests.xctest */ = {isa = PBXFileReference; explicitFileType = wrapper.cfbundle; includeInIndex = 0; path = TableViewSampleUITests.xctest; sourceTree = BUILT_PRODUCTS_DIR; };
		DEACC1B8222FA9230077C686 /* TableViewSampleUITests.swift */ = {isa = PBXFileReference; lastKnownFileType = sourcecode.swift; path = TableViewSampleUITests.swift; sourceTree = "<group>"; };
		DEACC1BA222FA9230077C686 /* Info.plist */ = {isa = PBXFileReference; lastKnownFileType = text.plist.xml; path = Info.plist; sourceTree = "<group>"; };
		DEACC1C8222FAA210077C686 /* TableViewController.swift */ = {isa = PBXFileReference; lastKnownFileType = sourcecode.swift; path = TableViewController.swift; sourceTree = "<group>"; };
		DEC5963F222FAD1A004C0C21 /* ViewCell.swift */ = {isa = PBXFileReference; lastKnownFileType = sourcecode.swift; path = ViewCell.swift; sourceTree = "<group>"; };
		DEC59641222FB5BB004C0C21 /* CellView.xib */ = {isa = PBXFileReference; lastKnownFileType = file.xib; path = CellView.xib; sourceTree = "<group>"; };
		DEC59643222FB628004C0C21 /* CellView.swift */ = {isa = PBXFileReference; lastKnownFileType = sourcecode.swift; path = CellView.swift; sourceTree = "<group>"; };
/* End PBXFileReference section */

/* Begin PBXFrameworksBuildPhase section */
		DEACC192222FA9210077C686 /* Frameworks */ = {
			isa = PBXFrameworksBuildPhase;
			buildActionMask = 2147483647;
			files = (
			);
			runOnlyForDeploymentPostprocessing = 0;
		};
		DEACC1A6222FA9230077C686 /* Frameworks */ = {
			isa = PBXFrameworksBuildPhase;
			buildActionMask = 2147483647;
			files = (
			);
			runOnlyForDeploymentPostprocessing = 0;
		};
		DEACC1B1222FA9230077C686 /* Frameworks */ = {
			isa = PBXFrameworksBuildPhase;
			buildActionMask = 2147483647;
			files = (
			);
			runOnlyForDeploymentPostprocessing = 0;
		};
/* End PBXFrameworksBuildPhase section */

/* Begin PBXGroup section */
		DEACC18C222FA9210077C686 = {
			isa = PBXGroup;
			children = (
				DEACC197222FA9210077C686 /* TableViewSample */,
				DEACC1AC222FA9230077C686 /* TableViewSampleTests */,
				DEACC1B7222FA9230077C686 /* TableViewSampleUITests */,
				DEACC196222FA9210077C686 /* Products */,
			);
			sourceTree = "<group>";
		};
		DEACC196222FA9210077C686 /* Products */ = {
			isa = PBXGroup;
			children = (
				DEACC195222FA9210077C686 /* TableViewSample.app */,
				DEACC1A9222FA9230077C686 /* TableViewSampleTests.xctest */,
				DEACC1B4222FA9230077C686 /* TableViewSampleUITests.xctest */,
			);
			name = Products;
			sourceTree = "<group>";
		};
		DEACC197222FA9210077C686 /* TableViewSample */ = {
			isa = PBXGroup;
			children = (
				DEACC198222FA9210077C686 /* AppDelegate.swift */,
				DEACC19A222FA9210077C686 /* ViewController.swift */,
				DEACC19C222FA9210077C686 /* Main.storyboard */,
				DEACC19F222FA9230077C686 /* Assets.xcassets */,
				DEACC1A1222FA9230077C686 /* LaunchScreen.storyboard */,
				DEACC1A4222FA9230077C686 /* Info.plist */,
				DEACC1C8222FAA210077C686 /* TableViewController.swift */,
				DEC5963F222FAD1A004C0C21 /* ViewCell.swift */,
				DEC59641222FB5BB004C0C21 /* CellView.xib */,
				DEC59643222FB628004C0C21 /* CellView.swift */,
			);
			path = TableViewSample;
			sourceTree = "<group>";
		};
		DEACC1AC222FA9230077C686 /* TableViewSampleTests */ = {
			isa = PBXGroup;
			children = (
				DEACC1AD222FA9230077C686 /* TableViewSampleTests.swift */,
				DEACC1AF222FA9230077C686 /* Info.plist */,
			);
			path = TableViewSampleTests;
			sourceTree = "<group>";
		};
		DEACC1B7222FA9230077C686 /* TableViewSampleUITests */ = {
			isa = PBXGroup;
			children = (
				DEACC1B8222FA9230077C686 /* TableViewSampleUITests.swift */,
				DEACC1BA222FA9230077C686 /* Info.plist */,
			);
			path = TableViewSampleUITests;
			sourceTree = "<group>";
		};
/* End PBXGroup section */

/* Begin PBXNativeTarget section */
		DEACC194222FA9210077C686 /* TableViewSample */ = {
			isa = PBXNativeTarget;
			buildConfigurationList = DEACC1BD222FA9230077C686 /* Build configuration list for PBXNativeTarget "TableViewSample" */;
			buildPhases = (
				DEACC191222FA9210077C686 /* Sources */,
				DEACC192222FA9210077C686 /* Frameworks */,
				DEACC193222FA9210077C686 /* Resources */,
			);
			buildRules = (
			);
			dependencies = (
			);
			name = TableViewSample;
			productName = TableViewSample;
			productReference = DEACC195222FA9210077C686 /* TableViewSample.app */;
			productType = "com.apple.product-type.application";
		};
		DEACC1A8222FA9230077C686 /* TableViewSampleTests */ = {
			isa = PBXNativeTarget;
			buildConfigurationList = DEACC1C0222FA9230077C686 /* Build configuration list for PBXNativeTarget "TableViewSampleTests" */;
			buildPhases = (
				DEACC1A5222FA9230077C686 /* Sources */,
				DEACC1A6222FA9230077C686 /* Frameworks */,
				DEACC1A7222FA9230077C686 /* Resources */,
			);
			buildRules = (
			);
			dependencies = (
				DEACC1AB222FA9230077C686 /* PBXTargetDependency */,
			);
			name = TableViewSampleTests;
			productName = TableViewSampleTests;
			productReference = DEACC1A9222FA9230077C686 /* TableViewSampleTests.xctest */;
			productType = "com.apple.product-type.bundle.unit-test";
		};
		DEACC1B3222FA9230077C686 /* TableViewSampleUITests */ = {
			isa = PBXNativeTarget;
			buildConfigurationList = DEACC1C3222FA9230077C686 /* Build configuration list for PBXNativeTarget "TableViewSampleUITests" */;
			buildPhases = (
				DEACC1B0222FA9230077C686 /* Sources */,
				DEACC1B1222FA9230077C686 /* Frameworks */,
				DEACC1B2222FA9230077C686 /* Resources */,
			);
			buildRules = (
			);
			dependencies = (
				DEACC1B6222FA9230077C686 /* PBXTargetDependency */,
			);
			name = TableViewSampleUITests;
			productName = TableViewSampleUITests;
			productReference = DEACC1B4222FA9230077C686 /* TableViewSampleUITests.xctest */;
			productType = "com.apple.product-type.bundle.ui-testing";
		};
/* End PBXNativeTarget section */

/* Begin PBXProject section */
		DEACC18D222FA9210077C686 /* Project object */ = {
			isa = PBXProject;
			attributes = {
				LastSwiftUpdateCheck = 1010;
				LastUpgradeCheck = 1010;
				ORGANIZATIONNAME = "Willgate,Inc.";
				TargetAttributes = {
					DEACC194222FA9210077C686 = {
						CreatedOnToolsVersion = 10.1;
					};
					DEACC1A8222FA9230077C686 = {
						CreatedOnToolsVersion = 10.1;
						TestTargetID = DEACC194222FA9210077C686;
					};
					DEACC1B3222FA9230077C686 = {
						CreatedOnToolsVersion = 10.1;
						TestTargetID = DEACC194222FA9210077C686;
					};
				};
			};
			buildConfigurationList = DEACC190222FA9210077C686 /* Build configuration list for PBXProject "TableViewSample" */;
			compatibilityVersion = "Xcode 9.3";
			developmentRegion = en;
			hasScannedForEncodings = 0;
			knownRegions = (
				en,
				Base,
			);
			mainGroup = DEACC18C222FA9210077C686;
			productRefGroup = DEACC196222FA9210077C686 /* Products */;
			projectDirPath = "";
			projectRoot = "";
			targets = (
				DEACC194222FA9210077C686 /* TableViewSample */,
				DEACC1A8222FA9230077C686 /* TableViewSampleTests */,
				DEACC1B3222FA9230077C686 /* TableViewSampleUITests */,
			);
		};
/* End PBXProject section */

/* Begin PBXResourcesBuildPhase section */
		DEACC193222FA9210077C686 /* Resources */ = {
			isa = PBXResourcesBuildPhase;
			buildActionMask = 2147483647;
			files = (
				DEC59642222FB5BB004C0C21 /* CellView.xib in Resources */,
				DEACC1A3222FA9230077C686 /* LaunchScreen.storyboard in Resources */,
				DEACC1A0222FA9230077C686 /* Assets.xcassets in Resources */,
				DEACC19E222FA9210077C686 /* Main.storyboard in Resources */,
			);
			runOnlyForDeploymentPostprocessing = 0;
		};
		DEACC1A7222FA9230077C686 /* Resources */ = {
			isa = PBXResourcesBuildPhase;
			buildActionMask = 2147483647;
			files = (
			);
			runOnlyForDeploymentPostprocessing = 0;
		};
		DEACC1B2222FA9230077C686 /* Resources */ = {
			isa = PBXResourcesBuildPhase;
			buildActionMask = 2147483647;
			files = (
			);
			runOnlyForDeploymentPostprocessing = 0;
		};
/* End PBXResourcesBuildPhase section */

/* Begin PBXSourcesBuildPhase section */
		DEACC191222FA9210077C686 /* Sources */ = {
			isa = PBXSourcesBuildPhase;
			buildActionMask = 2147483647;
			files = (
				DEACC19B222FA9210077C686 /* ViewController.swift in Sources */,
				DEC59644222FB628004C0C21 /* CellView.swift in Sources */,
				DEACC199222FA9210077C686 /* AppDelegate.swift in Sources */,
				DEACC1C9222FAA210077C686 /* TableViewController.swift in Sources */,
				DEC59640222FAD1A004C0C21 /* ViewCell.swift in Sources */,
			);
			runOnlyForDeploymentPostprocessing = 0;
		};
		DEACC1A5222FA9230077C686 /* Sources */ = {
			isa = PBXSourcesBuildPhase;
			buildActionMask = 2147483647;
			files = (
				DEACC1AE222FA9230077C686 /* TableViewSampleTests.swift in Sources */,
			);
			runOnlyForDeploymentPostprocessing = 0;
		};
		DEACC1B0222FA9230077C686 /* Sources */ = {
			isa = PBXSourcesBuildPhase;
			buildActionMask = 2147483647;
			files = (
				DEACC1B9222FA9230077C686 /* TableViewSampleUITests.swift in Sources */,
			);
			runOnlyForDeploymentPostprocessing = 0;
		};
/* End PBXSourcesBuildPhase section */

/* Begin PBXTargetDependency section */
		DEACC1AB222FA9230077C686 /* PBXTargetDependency */ = {
			isa = PBXTargetDependency;
			target = DEACC194222FA9210077C686 /* TableViewSample */;
			targetProxy = DEACC1AA222FA9230077C686 /* PBXContainerItemProxy */;
		};
		DEACC1B6222FA9230077C686 /* PBXTargetDependency */ = {
			isa = PBXTargetDependency;
			target = DEACC194222FA9210077C686 /* TableViewSample */;
			targetProxy = DEACC1B5222FA9230077C686 /* PBXContainerItemProxy */;
		};
/* End PBXTargetDependency section */

/* Begin PBXVariantGroup section */
		DEACC19C222FA9210077C686 /* Main.storyboard */ = {
			isa = PBXVariantGroup;
			children = (
				DEACC19D222FA9210077C686 /* Base */,
			);
			name = Main.storyboard;
			sourceTree = "<group>";
		};
		DEACC1A1222FA9230077C686 /* LaunchScreen.storyboard */ = {
			isa = PBXVariantGroup;
			children = (
				DEACC1A2222FA9230077C686 /* Base */,
			);
			name = LaunchScreen.storyboard;
			sourceTree = "<group>";
		};
/* End PBXVariantGroup section */

/* Begin XCBuildConfiguration section */
		DEACC1BB222FA9230077C686 /* Debug */ = {
			isa = XCBuildConfiguration;
			buildSettings = {
				ALWAYS_SEARCH_USER_PATHS = NO;
				CLANG_ANALYZER_NONNULL = YES;
				CLANG_ANALYZER_NUMBER_OBJECT_CONVERSION = YES_AGGRESSIVE;
				CLANG_CXX_LANGUAGE_STANDARD = "gnu++14";
				CLANG_CXX_LIBRARY = "libc++";
				CLANG_ENABLE_MODULES = YES;
				CLANG_ENABLE_OBJC_ARC = YES;
				CLANG_ENABLE_OBJC_WEAK = YES;
				CLANG_WARN_BLOCK_CAPTURE_AUTORELEASING = YES;
				CLANG_WARN_BOOL_CONVERSION = YES;
				CLANG_WARN_COMMA = YES;
				CLANG_WARN_CONSTANT_CONVERSION = YES;
				CLANG_WARN_DEPRECATED_OBJC_IMPLEMENTATIONS = YES;
				CLANG_WARN_DIRECT_OBJC_ISA_USAGE = YES_ERROR;
				CLANG_WARN_DOCUMENTATION_COMMENTS = YES;
				CLANG_WARN_EMPTY_BODY = YES;
				CLANG_WARN_ENUM_CONVERSION = YES;
				CLANG_WARN_INFINITE_RECURSION = YES;
				CLANG_WARN_INT_CONVERSION = YES;
				CLANG_WARN_NON_LITERAL_NULL_CONVERSION = YES;
				CLANG_WARN_OBJC_IMPLICIT_RETAIN_SELF = YES;
				CLANG_WARN_OBJC_LITERAL_CONVERSION = YES;
				CLANG_WARN_OBJC_ROOT_CLASS = YES_ERROR;
				CLANG_WARN_RANGE_LOOP_ANALYSIS = YES;
				CLANG_WARN_STRICT_PROTOTYPES = YES;
				CLANG_WARN_SUSPICIOUS_MOVE = YES;
				CLANG_WARN_UNGUARDED_AVAILABILITY = YES_AGGRESSIVE;
				CLANG_WARN_UNREACHABLE_CODE = YES;
				CLANG_WARN__DUPLICATE_METHOD_MATCH = YES;
				CODE_SIGN_IDENTITY = "iPhone Developer";
				COPY_PHASE_STRIP = NO;
				DEBUG_INFORMATION_FORMAT = dwarf;
				ENABLE_STRICT_OBJC_MSGSEND = YES;
				ENABLE_TESTABILITY = YES;
				GCC_C_LANGUAGE_STANDARD = gnu11;
				GCC_DYNAMIC_NO_PIC = NO;
				GCC_NO_COMMON_BLOCKS = YES;
				GCC_OPTIMIZATION_LEVEL = 0;
				GCC_PREPROCESSOR_DEFINITIONS = (
					"DEBUG=1",
					"$(inherited)",
				);
				GCC_WARN_64_TO_32_BIT_CONVERSION = YES;
				GCC_WARN_ABOUT_RETURN_TYPE = YES_ERROR;
				GCC_WARN_UNDECLARED_SELECTOR = YES;
				GCC_WARN_UNINITIALIZED_AUTOS = YES_AGGRESSIVE;
				GCC_WARN_UNUSED_FUNCTION = YES;
				GCC_WARN_UNUSED_VARIABLE = YES;
				IPHONEOS_DEPLOYMENT_TARGET = 12.1;
				MTL_ENABLE_DEBUG_INFO = INCLUDE_SOURCE;
				MTL_FAST_MATH = YES;
				ONLY_ACTIVE_ARCH = YES;
				SDKROOT = iphoneos;
				SWIFT_ACTIVE_COMPILATION_CONDITIONS = DEBUG;
				SWIFT_OPTIMIZATION_LEVEL = "-Onone";
			};
			name = Debug;
		};
		DEACC1BC222FA9230077C686 /* Release */ = {
			isa = XCBuildConfiguration;
			buildSettings = {
				ALWAYS_SEARCH_USER_PATHS = NO;
				CLANG_ANALYZER_NONNULL = YES;
				CLANG_ANALYZER_NUMBER_OBJECT_CONVERSION = YES_AGGRESSIVE;
				CLANG_CXX_LANGUAGE_STANDARD = "gnu++14";
				CLANG_CXX_LIBRARY = "libc++";
				CLANG_ENABLE_MODULES = YES;
				CLANG_ENABLE_OBJC_ARC = YES;
				CLANG_ENABLE_OBJC_WEAK = YES;
				CLANG_WARN_BLOCK_CAPTURE_AUTORELEASING = YES;
				CLANG_WARN_BOOL_CONVERSION = YES;
				CLANG_WARN_COMMA = YES;
				CLANG_WARN_CONSTANT_CONVERSION = YES;
				CLANG_WARN_DEPRECATED_OBJC_IMPLEMENTATIONS = YES;
				CLANG_WARN_DIRECT_OBJC_ISA_USAGE = YES_ERROR;
				CLANG_WARN_DOCUMENTATION_COMMENTS = YES;
				CLANG_WARN_EMPTY_BODY = YES;
				CLANG_WARN_ENUM_CONVERSION = YES;
				CLANG_WARN_INFINITE_RECURSION = YES;
				CLANG_WARN_INT_CONVERSION = YES;
				CLANG_WARN_NON_LITERAL_NULL_CONVERSION = YES;
				CLANG_WARN_OBJC_IMPLICIT_RETAIN_SELF = YES;
				CLANG_WARN_OBJC_LITERAL_CONVERSION = YES;
				CLANG_WARN_OBJC_ROOT_CLASS = YES_ERROR;
				CLANG_WARN_RANGE_LOOP_ANALYSIS = YES;
				CLANG_WARN_STRICT_PROTOTYPES = YES;
				CLANG_WARN_SUSPICIOUS_MOVE = YES;
				CLANG_WARN_UNGUARDED_AVAILABILITY = YES_AGGRESSIVE;
				CLANG_WARN_UNREACHABLE_CODE = YES;
				CLANG_WARN__DUPLICATE_METHOD_MATCH = YES;
				CODE_SIGN_IDENTITY = "iPhone Developer";
				COPY_PHASE_STRIP = NO;
				DEBUG_INFORMATION_FORMAT = "dwarf-with-dsym";
				ENABLE_NS_ASSERTIONS = NO;
				ENABLE_STRICT_OBJC_MSGSEND = YES;
				GCC_C_LANGUAGE_STANDARD = gnu11;
				GCC_NO_COMMON_BLOCKS = YES;
				GCC_WARN_64_TO_32_BIT_CONVERSION = YES;
				GCC_WARN_ABOUT_RETURN_TYPE = YES_ERROR;
				GCC_WARN_UNDECLARED_SELECTOR = YES;
				GCC_WARN_UNINITIALIZED_AUTOS = YES_AGGRESSIVE;
				GCC_WARN_UNUSED_FUNCTION = YES;
				GCC_WARN_UNUSED_VARIABLE = YES;
				IPHONEOS_DEPLOYMENT_TARGET = 12.1;
				MTL_ENABLE_DEBUG_INFO = NO;
				MTL_FAST_MATH = YES;
				SDKROOT = iphoneos;
				SWIFT_COMPILATION_MODE = wholemodule;
				SWIFT_OPTIMIZATION_LEVEL = "-O";
				VALIDATE_PRODUCT = YES;
			};
			name = Release;
		};
		DEACC1BE222FA9230077C686 /* Debug */ = {
			isa = XCBuildConfiguration;
			buildSettings = {
				ASSETCATALOG_COMPILER_APPICON_NAME = AppIcon;
				CODE_SIGN_STYLE = Automatic;
				INFOPLIST_FILE = TableViewSample/Info.plist;
				LD_RUNPATH_SEARCH_PATHS = (
					"$(inherited)",
					"@executable_path/Frameworks",
				);
				PRODUCT_BUNDLE_IDENTIFIER = jp.millymilly.TableViewSample;
				PRODUCT_NAME = "$(TARGET_NAME)";
				SWIFT_VERSION = 4.2;
				TARGETED_DEVICE_FAMILY = "1,2";
			};
			name = Debug;
		};
		DEACC1BF222FA9230077C686 /* Release */ = {
			isa = XCBuildConfiguration;
			buildSettings = {
				ASSETCATALOG_COMPILER_APPICON_NAME = AppIcon;
				CODE_SIGN_STYLE = Automatic;
				INFOPLIST_FILE = TableViewSample/Info.plist;
				LD_RUNPATH_SEARCH_PATHS = (
					"$(inherited)",
					"@executable_path/Frameworks",
				);
				PRODUCT_BUNDLE_IDENTIFIER = jp.millymilly.TableViewSample;
				PRODUCT_NAME = "$(TARGET_NAME)";
				SWIFT_VERSION = 4.2;
				TARGETED_DEVICE_FAMILY = "1,2";
			};
			name = Release;
		};
		DEACC1C1222FA9230077C686 /* Debug */ = {
			isa = XCBuildConfiguration;
			buildSettings = {
				ALWAYS_EMBED_SWIFT_STANDARD_LIBRARIES = YES;
				BUNDLE_LOADER = "$(TEST_HOST)";
				CODE_SIGN_STYLE = Automatic;
				INFOPLIST_FILE = TableViewSampleTests/Info.plist;
				LD_RUNPATH_SEARCH_PATHS = (
					"$(inherited)",
					"@executable_path/Frameworks",
					"@loader_path/Frameworks",
				);
				PRODUCT_BUNDLE_IDENTIFIER = jp.millymilly.TableViewSampleTests;
				PRODUCT_NAME = "$(TARGET_NAME)";
				SWIFT_VERSION = 4.2;
				TARGETED_DEVICE_FAMILY = "1,2";
				TEST_HOST = "$(BUILT_PRODUCTS_DIR)/TableViewSample.app/TableViewSample";
			};
			name = Debug;
		};
		DEACC1C2222FA9230077C686 /* Release */ = {
			isa = XCBuildConfiguration;
			buildSettings = {
				ALWAYS_EMBED_SWIFT_STANDARD_LIBRARIES = YES;
				BUNDLE_LOADER = "$(TEST_HOST)";
				CODE_SIGN_STYLE = Automatic;
				INFOPLIST_FILE = TableViewSampleTests/Info.plist;
				LD_RUNPATH_SEARCH_PATHS = (
					"$(inherited)",
					"@executable_path/Frameworks",
					"@loader_path/Frameworks",
				);
				PRODUCT_BUNDLE_IDENTIFIER = jp.millymilly.TableViewSampleTests;
				PRODUCT_NAME = "$(TARGET_NAME)";
				SWIFT_VERSION = 4.2;
				TARGETED_DEVICE_FAMILY = "1,2";
				TEST_HOST = "$(BUILT_PRODUCTS_DIR)/TableViewSample.app/TableViewSample";
			};
			name = Release;
		};
		DEACC1C4222FA9230077C686 /* Debug */ = {
			isa = XCBuildConfiguration;
			buildSettings = {
				ALWAYS_EMBED_SWIFT_STANDARD_LIBRARIES = YES;
				CODE_SIGN_STYLE = Automatic;
				INFOPLIST_FILE = TableViewSampleUITests/Info.plist;
				LD_RUNPATH_SEARCH_PATHS = (
					"$(inherited)",
					"@executable_path/Frameworks",
					"@loader_path/Frameworks",
				);
				PRODUCT_BUNDLE_IDENTIFIER = jp.millymilly.TableViewSampleUITests;
				PRODUCT_NAME = "$(TARGET_NAME)";
				SWIFT_VERSION = 4.2;
				TARGETED_DEVICE_FAMILY = "1,2";
				TEST_TARGET_NAME = TableViewSample;
			};
			name = Debug;
		};
		DEACC1C5222FA9230077C686 /* Release */ = {
			isa = XCBuildConfiguration;
			buildSettings = {
				ALWAYS_EMBED_SWIFT_STANDARD_LIBRARIES = YES;
				CODE_SIGN_STYLE = Automatic;
				INFOPLIST_FILE = TableViewSampleUITests/Info.plist;
				LD_RUNPATH_SEARCH_PATHS = (
					"$(inherited)",
					"@executable_path/Frameworks",
					"@loader_path/Frameworks",
				);
				PRODUCT_BUNDLE_IDENTIFIER = jp.millymilly.TableViewSampleUITests;
				PRODUCT_NAME = "$(TARGET_NAME)";
				SWIFT_VERSION = 4.2;
				TARGETED_DEVICE_FAMILY = "1,2";
				TEST_TARGET_NAME = TableViewSample;
			};
			name = Release;
		};
/* End XCBuildConfiguration section */

/* Begin XCConfigurationList section */
		DEACC190222FA9210077C686 /* Build configuration list for PBXProject "TableViewSample" */ = {
			isa = XCConfigurationList;
			buildConfigurations = (
				DEACC1BB222FA9230077C686 /* Debug */,
				DEACC1BC222FA9230077C686 /* Release */,
			);
			defaultConfigurationIsVisible = 0;
			defaultConfigurationName = Release;
		};
		DEACC1BD222FA9230077C686 /* Build configuration list for PBXNativeTarget "TableViewSample" */ = {
			isa = XCConfigurationList;
			buildConfigurations = (
				DEACC1BE222FA9230077C686 /* Debug */,
				DEACC1BF222FA9230077C686 /* Release */,
			);
			defaultConfigurationIsVisible = 0;
			defaultConfigurationName = Release;
		};
		DEACC1C0222FA9230077C686 /* Build configuration list for PBXNativeTarget "TableViewSampleTests" */ = {
			isa = XCConfigurationList;
			buildConfigurations = (
				DEACC1C1222FA9230077C686 /* Debug */,
				DEACC1C2222FA9230077C686 /* Release */,
			);
			defaultConfigurationIsVisible = 0;
			defaultConfigurationName = Release;
		};
		DEACC1C3222FA9230077C686 /* Build configuration list for PBXNativeTarget "TableViewSampleUITests" */ = {
			isa = XCConfigurationList;
			buildConfigurations = (
				DEACC1C4222FA9230077C686 /* Debug */,
				DEACC1C5222FA9230077C686 /* Release */,
			);
			defaultConfigurationIsVisible = 0;
			defaultConfigurationName = Release;
		};
/* End XCConfigurationList section */
	};
	rootObject = DEACC18D222FA9210077C686 /* Project object */;
}
